
Microsoft Visual Studio Solution File, Format Version 12.00
# Visual Studio Version 17
VisualStudioVersion = 17.1.32203.90
MinimumVisualStudioVersion = 10.0.40219.1
Project("{FAE04EC0-301F-11D3-BF4B-00C04F79EFBC}") = "HiringCodingTestApis.Api", "HiringCodingTestApis.Api\HiringCodingTestApis.Api.csproj", "{851204D4-0168-45AE-96CD-667A8E0D06C4}"
EndProject
Project("{FAE04EC0-301F-11D3-BF4B-00C04F79EFBC}") = "HiringCodingTestApis.Core", "HiringCodingTestApis.Core\HiringCodingTestApis.Core.csproj", "{30842D65-1218-4CD5-B33C-E7053291DDAB}"
EndProject
Global
	GlobalSection(SolutionConfigurationPlatforms) = preSolution
		Debug|Any CPU = Debug|Any CPU
		Release|Any CPU = Release|Any CPU
	EndGlobalSection
	GlobalSection(ProjectConfigurationPlatforms) = postSolution
		{851204D4-0168-45AE-96CD-667A8E0D06C4}.Debug|Any CPU.ActiveCfg = Debug|Any CPU
		{851204D4-0168-45AE-96CD-667A8E0D06C4}.Debug|Any CPU.Build.0 = Debug|Any CPU
		{851204D4-0168-45AE-96CD-667A8E0D06C4}.Release|Any CPU.ActiveCfg = Release|Any CPU
		{851204D4-0168-45AE-96CD-667A8E0D06C4}.Release|Any CPU.Build.0 = Release|Any CPU
		{30842D65-1218-4CD5-B33C-E7053291DDAB}.Debug|Any CPU.ActiveCfg = Debug|Any CPU
		{30842D65-1218-4CD5-B33C-E7053291DDAB}.Debug|Any CPU.Build.0 = Debug|Any CPU
		{30842D65-1218-4CD5-B33C-E7053291DDAB}.Release|Any CPU.ActiveCfg = Release|Any CPU
		{30842D65-1218-4CD5-B33C-E7053291DDAB}.Release|Any CPU.Build.0 = Release|Any CPU
	EndGlobalSection
	GlobalSection(SolutionProperties) = preSolution
		HideSolutionNode = FALSE
	EndGlobalSection
	GlobalSection(ExtensibilityGlobals) = postSolution
		SolutionGuid = {FF426594-BF78-4040-8160-5469E1A21DB4}
	EndGlobalSection
EndGlobal
